
Microsoft Visual Studio Solution File, Format Version 12.00
# Visual Studio Version 16
VisualStudioVersion = 16.0.29728.190
MinimumVisualStudioVersion = 10.0.40219.1
Project("{FAE04EC0-301F-11D3-BF4B-00C04F79EFBC}") = "DataProcess", "DataProcess\DataProcess.csproj", "{144670CB-6396-488C-A76D-2E03A3B69E78}"
EndProject
Project("{FAE04EC0-301F-11D3-BF4B-00C04F79EFBC}") = "DataSender", "DataSender\DataSender.csproj", "{D65C37A0-9479-4BF5-9F73-0265271C863E}"
EndProject
Global
	GlobalSection(SolutionConfigurationPlatforms) = preSolution
		Debug|Any CPU = Debug|Any CPU
		Release|Any CPU = Release|Any CPU
	EndGlobalSection
	GlobalSection(ProjectConfigurationPlatforms) = postSolution
		{144670CB-6396-488C-A76D-2E03A3B69E78}.Debug|Any CPU.ActiveCfg = Debug|Any CPU
		{144670CB-6396-488C-A76D-2E03A3B69E78}.Debug|Any CPU.Build.0 = Debug|Any CPU
		{144670CB-6396-488C-A76D-2E03A3B69E78}.Release|Any CPU.ActiveCfg = Release|Any CPU
		{144670CB-6396-488C-A76D-2E03A3B69E78}.Release|Any CPU.Build.0 = Release|Any CPU
		{D65C37A0-9479-4BF5-9F73-0265271C863E}.Debug|Any CPU.ActiveCfg = Debug|Any CPU
		{D65C37A0-9479-4BF5-9F73-0265271C863E}.Debug|Any CPU.Build.0 = Debug|Any CPU
		{D65C37A0-9479-4BF5-9F73-0265271C863E}.Release|Any CPU.ActiveCfg = Release|Any CPU
		{D65C37A0-9479-4BF5-9F73-0265271C863E}.Release|Any CPU.Build.0 = Release|Any CPU
	EndGlobalSection
	GlobalSection(SolutionProperties) = preSolution
		HideSolutionNode = FALSE
	EndGlobalSection
	GlobalSection(ExtensibilityGlobals) = postSolution
		SolutionGuid = {3716F301-1FF5-4699-B650-8DDAE53C1051}
	EndGlobalSection
EndGlobal
